// !$*UTF8*$!
{
	archiveVersion = 1;
	classes = {
	};
	objectVersion = 77;
	objects = {

/* Begin PBXBuildFile section */
		017FC02409553E6626DD33EB /* AppDelegate.swift in Sources */ = {isa = PBXBuildFile; fileRef = 5523AA60593415035B700B2D /* AppDelegate.swift */; };
		029D3B795962FD74895FFF7A /* StatisticsViewModel.swift in Sources */ = {isa = PBXBuildFile; fileRef = 6380350ECBAF13D06D858576 /* StatisticsViewModel.swift */; };
		0344560262D8BB73C4B0A184 /* CardBrowserViewModel.swift in Sources */ = {isa = PBXBuildFile; fileRef = 1160C6756979A30D9CA13533 /* CardBrowserViewModel.swift */; };
		0779349FA00347A581D80EA8 /* DeckTable.swift in Sources */ = {isa = PBXBuildFile; fileRef = 9073BD8086DEF69AC7394493 /* DeckTable.swift */; };
		162A30FBD9DCDAFDD01084A7 /* ZIPFoundation in Frameworks */ = {isa = PBXBuildFile; productRef = D2DA810D5BBF2758CE6F5FC8 /* ZIPFoundation */; };
		162E5EB2B97EEDED11C4EF81 /* DeckRepository.swift in Sources */ = {isa = PBXBuildFile; fileRef = 9F812CB31F4582BCA1A7311A /* DeckRepository.swift */; };
		16DA9DA5264260B40B0762BD /* ImportDeckUseCase.swift in Sources */ = {isa = PBXBuildFile; fileRef = 2BD71D46D5370E8D12BA3C8E /* ImportDeckUseCase.swift */; };
		1F110CD46968DF69611F4041 /* AppConstants.swift in Sources */ = {isa = PBXBuildFile; fileRef = 08E4FCBEAC2076C4BEC0C884 /* AppConstants.swift */; };
		20EC55648A768F9D4B77F558 /* SettingsViewController.swift in Sources */ = {isa = PBXBuildFile; fileRef = 50FA806B13221AA94BA21EDA /* SettingsViewController.swift */; };
		2E4B2E4404B2F3AE3E52D752 /* Review.swift in Sources */ = {isa = PBXBuildFile; fileRef = 00843649094DD5834B9E5F31 /* Review.swift */; };
		40CCDA9E8444158F2779DE75 /* CardBrowserCell.swift in Sources */ = {isa = PBXBuildFile; fileRef = 39FF0C626F5FF2F38E70E15E /* CardBrowserCell.swift */; };
		5B474277F34C5A30DFA260E6 /* ReviewTable.swift in Sources */ = {isa = PBXBuildFile; fileRef = 8630B5D9531E913D5E0FBB63 /* ReviewTable.swift */; };
		5F8719AB8B3FDEDA8583D420 /* Date+Extensions.swift in Sources */ = {isa = PBXBuildFile; fileRef = 5E31522AB9F84512D611742B /* Date+Extensions.swift */; };
		617E36F6443EC0FEEDC72658 /* UIColor+Theme.swift in Sources */ = {isa = PBXBuildFile; fileRef = 030FDEA8C4420E9BF0FEAEF5 /* UIColor+Theme.swift */; };
		62A3578A3A86C63A239A5697 /* SpacedRepetition.swift in Sources */ = {isa = PBXBuildFile; fileRef = 5B9E24EAA86CF4DD825F32F6 /* SpacedRepetition.swift */; };
		651E1996B6EFA09073E3FE77 /* Deck.swift in Sources */ = {isa = PBXBuildFile; fileRef = 0187845AD5E562F731831C6F /* Deck.swift */; };
		7114F7DC0793E619FC3DA4F3 /* NewCardViewController.swift in Sources */ = {isa = PBXBuildFile; fileRef = 2830DFB21082C83BCFC73BDA /* NewCardViewController.swift */; };
		72C5548E4E2D566D04E69816 /* CardStudyViewModel.swift in Sources */ = {isa = PBXBuildFile; fileRef = 634B8A7F494B2367DD17C06D /* CardStudyViewModel.swift */; };
		7830BBA806767F670D801A81 /* StudySession.swift in Sources */ = {isa = PBXBuildFile; fileRef = F21B034131639EEAC1653B96 /* StudySession.swift */; };
		7E8F6E44F5E1711EC62C6985 /* DeckCell.swift in Sources */ = {isa = PBXBuildFile; fileRef = 35ABB07CFDE939EFB7E3393B /* DeckCell.swift */; };
		86D129CB858DADDAC6AB2BA1 /* ApkgParser.swift in Sources */ = {isa = PBXBuildFile; fileRef = 5E9EBFE8124C187AF150BE1E /* ApkgParser.swift */; };
		88A8561CBC205AD18C9167D4 /* Card.swift in Sources */ = {isa = PBXBuildFile; fileRef = 708EDDAF1E543AB199CBC171 /* Card.swift */; };
		8E35823BC0063B09188A93F6 /* SnapKit in Frameworks */ = {isa = PBXBuildFile; productRef = 27E8AF1B35EE7B21B7C01024 /* SnapKit */; };
		8EE961F8B5E12A55B5D07A82 /* CardBrowserViewController.swift in Sources */ = {isa = PBXBuildFile; fileRef = 7092C7A3A5B702D70AD34AD4 /* CardBrowserViewController.swift */; };
		9AE78C3AA924538805286162 /* DeckListViewModel.swift in Sources */ = {isa = PBXBuildFile; fileRef = 0F03B31D9CBD8659C314220A /* DeckListViewModel.swift */; };
		B12426457E803828B6BC3861 /* DeckListViewController.swift in Sources */ = {isa = PBXBuildFile; fileRef = C664F3B94F5A68B19E231F8A /* DeckListViewController.swift */; };
		B77F4255493DA35FAEE8F756 /* SettingsViewModel.swift in Sources */ = {isa = PBXBuildFile; fileRef = 1D5F981103AAA9112988FF34 /* SettingsViewModel.swift */; };
		C479F85EEF74D4BB88406E4F /* LaunchScreen.storyboard in Resources */ = {isa = PBXBuildFile; fileRef = B989B0232C785C7E21D3B1EC /* LaunchScreen.storyboard */; };
		C824C310A92C4FECD9EE856E /* SQLite in Frameworks */ = {isa = PBXBuildFile; productRef = 84B551DD58C4AE05924947C2 /* SQLite */; };
		C8BECD1CE1C3C7716B3BE520 /* SceneDelegate.swift in Sources */ = {isa = PBXBuildFile; fileRef = 2B4502C1AC4ACB97F973450A /* SceneDelegate.swift */; };
		D4ED3F76C4536C1C7A7430D2 /* CardTable.swift in Sources */ = {isa = PBXBuildFile; fileRef = 317614AAEFA4634BEAF42EF0 /* CardTable.swift */; };
		E1D1625E6213292D2CE30989 /* AnkiDBReader.swift in Sources */ = {isa = PBXBuildFile; fileRef = 224688CBF8276C58E4F40A36 /* AnkiDBReader.swift */; };
		EA20CE903876E9CA365FF322 /* StudyCardUseCase.swift in Sources */ = {isa = PBXBuildFile; fileRef = 86DA154DD4BED129BD9522DC /* StudyCardUseCase.swift */; };
		F2F81B2D4BD732043115E8D5 /* CreateDeckViewController.swift in Sources */ = {isa = PBXBuildFile; fileRef = B10845F9F7D8E05860660948 /* CreateDeckViewController.swift */; };
		F50081A3B1EB5446503902B9 /* CardStudyViewController.swift in Sources */ = {isa = PBXBuildFile; fileRef = 8FC8CBF8D75DAAB61F883570 /* CardStudyViewController.swift */; };
		F9B374932AD6642BBFE3B2E8 /* DatabaseManager.swift in Sources */ = {isa = PBXBuildFile; fileRef = 9E6BCEADF06F9486B50AA745 /* DatabaseManager.swift */; };
		FA7DBD0D6983FD9E7E3B0B3E /* Assets.xcassets in Resources */ = {isa = PBXBuildFile; fileRef = E968D9D2035B7865CA503B71 /* Assets.xcassets */; };
		FC4616BF13631CB37C289F76 /* CardRepository.swift in Sources */ = {isa = PBXBuildFile; fileRef = 1485D404BC38EA82AB70E3CC /* CardRepository.swift */; };
		FD647ED96B358171B0811CF0 /* StatisticsViewController.swift in Sources */ = {isa = PBXBuildFile; fileRef = A714FEC7A39876822ED0FB47 /* StatisticsViewController.swift */; };
		FDAFBE41401641CA376120AE /* FlashcardView.swift in Sources */ = {isa = PBXBuildFile; fileRef = FC1C94BF7DA737BE9FE49F24 /* FlashcardView.swift */; };
/* End PBXBuildFile section */

/* Begin PBXFileReference section */
		00843649094DD5834B9E5F31 /* Review.swift */ = {isa = PBXFileReference; lastKnownFileType = sourcecode.swift; path = Review.swift; sourceTree = "<group>"; };
		0187845AD5E562F731831C6F /* Deck.swift */ = {isa = PBXFileReference; lastKnownFileType = sourcecode.swift; path = Deck.swift; sourceTree = "<group>"; };
		030FDEA8C4420E9BF0FEAEF5 /* UIColor+Theme.swift */ = {isa = PBXFileReference; lastKnownFileType = sourcecode.swift; path = "UIColor+Theme.swift"; sourceTree = "<group>"; };
		08E4FCBEAC2076C4BEC0C884 /* AppConstants.swift */ = {isa = PBXFileReference; lastKnownFileType = sourcecode.swift; path = AppConstants.swift; sourceTree = "<group>"; };
		0F03B31D9CBD8659C314220A /* DeckListViewModel.swift */ = {isa = PBXFileReference; lastKnownFileType = sourcecode.swift; path = DeckListViewModel.swift; sourceTree = "<group>"; };
		1160C6756979A30D9CA13533 /* CardBrowserViewModel.swift */ = {isa = PBXFileReference; lastKnownFileType = sourcecode.swift; path = CardBrowserViewModel.swift; sourceTree = "<group>"; };
		1485D404BC38EA82AB70E3CC /* CardRepository.swift */ = {isa = PBXFileReference; lastKnownFileType = sourcecode.swift; path = CardRepository.swift; sourceTree = "<group>"; };
		1D5F981103AAA9112988FF34 /* SettingsViewModel.swift */ = {isa = PBXFileReference; lastKnownFileType = sourcecode.swift; path = SettingsViewModel.swift; sourceTree = "<group>"; };
		224688CBF8276C58E4F40A36 /* AnkiDBReader.swift */ = {isa = PBXFileReference; lastKnownFileType = sourcecode.swift; path = AnkiDBReader.swift; sourceTree = "<group>"; };
		2830DFB21082C83BCFC73BDA /* NewCardViewController.swift */ = {isa = PBXFileReference; lastKnownFileType = sourcecode.swift; path = NewCardViewController.swift; sourceTree = "<group>"; };
		2B4502C1AC4ACB97F973450A /* SceneDelegate.swift */ = {isa = PBXFileReference; lastKnownFileType = sourcecode.swift; path = SceneDelegate.swift; sourceTree = "<group>"; };
		2BD71D46D5370E8D12BA3C8E /* ImportDeckUseCase.swift */ = {isa = PBXFileReference; lastKnownFileType = sourcecode.swift; path = ImportDeckUseCase.swift; sourceTree = "<group>"; };
		317614AAEFA4634BEAF42EF0 /* CardTable.swift */ = {isa = PBXFileReference; lastKnownFileType = sourcecode.swift; path = CardTable.swift; sourceTree = "<group>"; };
		35ABB07CFDE939EFB7E3393B /* DeckCell.swift */ = {isa = PBXFileReference; lastKnownFileType = sourcecode.swift; path = DeckCell.swift; sourceTree = "<group>"; };
		39FF0C626F5FF2F38E70E15E /* CardBrowserCell.swift */ = {isa = PBXFileReference; lastKnownFileType = sourcecode.swift; path = CardBrowserCell.swift; sourceTree = "<group>"; };
		50FA806B13221AA94BA21EDA /* SettingsViewController.swift */ = {isa = PBXFileReference; lastKnownFileType = sourcecode.swift; path = SettingsViewController.swift; sourceTree = "<group>"; };
		5523AA60593415035B700B2D /* AppDelegate.swift */ = {isa = PBXFileReference; lastKnownFileType = sourcecode.swift; path = AppDelegate.swift; sourceTree = "<group>"; };
		5B28CB5C8DAB19367364C7CF /* AnkiFlow.app */ = {isa = PBXFileReference; includeInIndex = 0; lastKnownFileType = wrapper.application; path = AnkiFlow.app; sourceTree = BUILT_PRODUCTS_DIR; };
		5B9E24EAA86CF4DD825F32F6 /* SpacedRepetition.swift */ = {isa = PBXFileReference; lastKnownFileType = sourcecode.swift; path = SpacedRepetition.swift; sourceTree = "<group>"; };
		5E31522AB9F84512D611742B /* Date+Extensions.swift */ = {isa = PBXFileReference; lastKnownFileType = sourcecode.swift; path = "Date+Extensions.swift"; sourceTree = "<group>"; };
		5E9EBFE8124C187AF150BE1E /* ApkgParser.swift */ = {isa = PBXFileReference; lastKnownFileType = sourcecode.swift; path = ApkgParser.swift; sourceTree = "<group>"; };
		634B8A7F494B2367DD17C06D /* CardStudyViewModel.swift */ = {isa = PBXFileReference; lastKnownFileType = sourcecode.swift; path = CardStudyViewModel.swift; sourceTree = "<group>"; };
		6380350ECBAF13D06D858576 /* StatisticsViewModel.swift */ = {isa = PBXFileReference; lastKnownFileType = sourcecode.swift; path = StatisticsViewModel.swift; sourceTree = "<group>"; };
		708EDDAF1E543AB199CBC171 /* Card.swift */ = {isa = PBXFileReference; lastKnownFileType = sourcecode.swift; path = Card.swift; sourceTree = "<group>"; };
		7092C7A3A5B702D70AD34AD4 /* CardBrowserViewController.swift */ = {isa = PBXFileReference; lastKnownFileType = sourcecode.swift; path = CardBrowserViewController.swift; sourceTree = "<group>"; };
		8630B5D9531E913D5E0FBB63 /* ReviewTable.swift */ = {isa = PBXFileReference; lastKnownFileType = sourcecode.swift; path = ReviewTable.swift; sourceTree = "<group>"; };
		86DA154DD4BED129BD9522DC /* StudyCardUseCase.swift */ = {isa = PBXFileReference; lastKnownFileType = sourcecode.swift; path = StudyCardUseCase.swift; sourceTree = "<group>"; };
		8FC8CBF8D75DAAB61F883570 /* CardStudyViewController.swift */ = {isa = PBXFileReference; lastKnownFileType = sourcecode.swift; path = CardStudyViewController.swift; sourceTree = "<group>"; };
		9073BD8086DEF69AC7394493 /* DeckTable.swift */ = {isa = PBXFileReference; lastKnownFileType = sourcecode.swift; path = DeckTable.swift; sourceTree = "<group>"; };
		9E6BCEADF06F9486B50AA745 /* DatabaseManager.swift */ = {isa = PBXFileReference; lastKnownFileType = sourcecode.swift; path = DatabaseManager.swift; sourceTree = "<group>"; };
		9F812CB31F4582BCA1A7311A /* DeckRepository.swift */ = {isa = PBXFileReference; lastKnownFileType = sourcecode.swift; path = DeckRepository.swift; sourceTree = "<group>"; };
		A714FEC7A39876822ED0FB47 /* StatisticsViewController.swift */ = {isa = PBXFileReference; lastKnownFileType = sourcecode.swift; path = StatisticsViewController.swift; sourceTree = "<group>"; };
		A953F4C19D5488AD7141610F /* Info.plist */ = {isa = PBXFileReference; lastKnownFileType = text.plist; path = Info.plist; sourceTree = "<group>"; };
		B10845F9F7D8E05860660948 /* CreateDeckViewController.swift */ = {isa = PBXFileReference; lastKnownFileType = sourcecode.swift; path = CreateDeckViewController.swift; sourceTree = "<group>"; };
		B989B0232C785C7E21D3B1EC /* LaunchScreen.storyboard */ = {isa = PBXFileReference; lastKnownFileType = file.storyboard; path = LaunchScreen.storyboard; sourceTree = "<group>"; };
		C664F3B94F5A68B19E231F8A /* DeckListViewController.swift */ = {isa = PBXFileReference; lastKnownFileType = sourcecode.swift; path = DeckListViewController.swift; sourceTree = "<group>"; };
		E968D9D2035B7865CA503B71 /* Assets.xcassets */ = {isa = PBXFileReference; lastKnownFileType = folder.assetcatalog; path = Assets.xcassets; sourceTree = "<group>"; };
		F21B034131639EEAC1653B96 /* StudySession.swift */ = {isa = PBXFileReference; lastKnownFileType = sourcecode.swift; path = StudySession.swift; sourceTree = "<group>"; };
		FC1C94BF7DA737BE9FE49F24 /* FlashcardView.swift */ = {isa = PBXFileReference; lastKnownFileType = sourcecode.swift; path = FlashcardView.swift; sourceTree = "<group>"; };
/* End PBXFileReference section */

/* Begin PBXFrameworksBuildPhase section */
		9722D270F1C0B230FA84E206 /* Frameworks */ = {
			isa = PBXFrameworksBuildPhase;
			buildActionMask = 2147483647;
			files = (
				8E35823BC0063B09188A93F6 /* SnapKit in Frameworks */,
				C824C310A92C4FECD9EE856E /* SQLite in Frameworks */,
				162A30FBD9DCDAFDD01084A7 /* ZIPFoundation in Frameworks */,
			);
			runOnlyForDeploymentPostprocessing = 0;
		};
/* End PBXFrameworksBuildPhase section */

/* Begin PBXGroup section */
		09C113181479F3BFADD2338C /* Data */ = {
			isa = PBXGroup;
			children = (
				10AD38C7A4BBBFEBFB1BFD60 /* AnkiParser */,
				31880F5F6E9CA6FD74E653AC /* Database */,
				3E874F293F34080DF3E5EC0B /* Repositories */,
			);
			path = Data;
			sourceTree = "<group>";
		};
		10AD38C7A4BBBFEBFB1BFD60 /* AnkiParser */ = {
			isa = PBXGroup;
			children = (
				224688CBF8276C58E4F40A36 /* AnkiDBReader.swift */,
				5E9EBFE8124C187AF150BE1E /* ApkgParser.swift */,
			);
			path = AnkiParser;
			sourceTree = "<group>";
		};
		132B05CC35CAA0ED30B0D934 /* Settings */ = {
			isa = PBXGroup;
			children = (
				50FA806B13221AA94BA21EDA /* SettingsViewController.swift */,
				1D5F981103AAA9112988FF34 /* SettingsViewModel.swift */,
			);
			path = Settings;
			sourceTree = "<group>";
		};
		2A94C4351959EAF325426131 /* UseCases */ = {
			isa = PBXGroup;
			children = (
				2BD71D46D5370E8D12BA3C8E /* ImportDeckUseCase.swift */,
				5B9E24EAA86CF4DD825F32F6 /* SpacedRepetition.swift */,
				86DA154DD4BED129BD9522DC /* StudyCardUseCase.swift */,
			);
			path = UseCases;
			sourceTree = "<group>";
		};
		2D7FBDC6548F621B42FDCD99 /* CardBrowser */ = {
			isa = PBXGroup;
			children = (
				39FF0C626F5FF2F38E70E15E /* CardBrowserCell.swift */,
				7092C7A3A5B702D70AD34AD4 /* CardBrowserViewController.swift */,
				1160C6756979A30D9CA13533 /* CardBrowserViewModel.swift */,
				2830DFB21082C83BCFC73BDA /* NewCardViewController.swift */,
			);
			path = CardBrowser;
			sourceTree = "<group>";
		};
		31880F5F6E9CA6FD74E653AC /* Database */ = {
			isa = PBXGroup;
			children = (
				9E6BCEADF06F9486B50AA745 /* DatabaseManager.swift */,
				CD7CE79F27F22E8035B6E4EC /* Tables */,
			);
			path = Database;
			sourceTree = "<group>";
		};
		3E874F293F34080DF3E5EC0B /* Repositories */ = {
			isa = PBXGroup;
			children = (
				1485D404BC38EA82AB70E3CC /* CardRepository.swift */,
				9F812CB31F4582BCA1A7311A /* DeckRepository.swift */,
			);
			path = Repositories;
			sourceTree = "<group>";
		};
		5A4258598651309295C4185F /* Import */ = {
			isa = PBXGroup;
			children = (
			);
			path = Import;
			sourceTree = "<group>";
		};
		6894F54788053B5294B39BA7 /* DeckList */ = {
			isa = PBXGroup;
			children = (
				B10845F9F7D8E05860660948 /* CreateDeckViewController.swift */,
				35ABB07CFDE939EFB7E3393B /* DeckCell.swift */,
				C664F3B94F5A68B19E231F8A /* DeckListViewController.swift */,
				0F03B31D9CBD8659C314220A /* DeckListViewModel.swift */,
			);
			path = DeckList;
			sourceTree = "<group>";
		};
		70852DB01369D30BE8F5B1B2 /* Core */ = {
			isa = PBXGroup;
			children = (
				C227AFE65DBF4C9155CCF09E /* Constants */,
				DE0C0A446D1BF1F693EF1477 /* Extensions */,
			);
			path = Core;
			sourceTree = "<group>";
		};
		8AD840BC8CBFDF20C9011E0E /* Domain */ = {
			isa = PBXGroup;
			children = (
				E834CBAC157AF7788433396D /* Models */,
				2A94C4351959EAF325426131 /* UseCases */,
			);
			path = Domain;
			sourceTree = "<group>";
		};
		BB6C41E33A965B39079899F9 /* CardStudy */ = {
			isa = PBXGroup;
			children = (
				8FC8CBF8D75DAAB61F883570 /* CardStudyViewController.swift */,
				634B8A7F494B2367DD17C06D /* CardStudyViewModel.swift */,
				FC1C94BF7DA737BE9FE49F24 /* FlashcardView.swift */,
			);
			path = CardStudy;
			sourceTree = "<group>";
		};
		C227AFE65DBF4C9155CCF09E /* Constants */ = {
			isa = PBXGroup;
			children = (
				08E4FCBEAC2076C4BEC0C884 /* AppConstants.swift */,
			);
			path = Constants;
			sourceTree = "<group>";
		};
		C75A32F655FA7E0106D4CE61 /* Statistics */ = {
			isa = PBXGroup;
			children = (
				A714FEC7A39876822ED0FB47 /* StatisticsViewController.swift */,
				6380350ECBAF13D06D858576 /* StatisticsViewModel.swift */,
			);
			path = Statistics;
			sourceTree = "<group>";
		};
		CD7CE79F27F22E8035B6E4EC /* Tables */ = {
			isa = PBXGroup;
			children = (
				317614AAEFA4634BEAF42EF0 /* CardTable.swift */,
				9073BD8086DEF69AC7394493 /* DeckTable.swift */,
				8630B5D9531E913D5E0FBB63 /* ReviewTable.swift */,
			);
			path = Tables;
			sourceTree = "<group>";
		};
		D40902CB568EDEA4BBC9F023 = {
			isa = PBXGroup;
			children = (
				EDEBC3E22206CCACF8298EAE /* AnkiFlow */,
				F583C3570D2061EBC5D5C1CE /* Products */,
			);
			sourceTree = "<group>";
		};
		DD5CFBCAB245B473703D96FF /* App */ = {
			isa = PBXGroup;
			children = (
				5523AA60593415035B700B2D /* AppDelegate.swift */,
				A953F4C19D5488AD7141610F /* Info.plist */,
				2B4502C1AC4ACB97F973450A /* SceneDelegate.swift */,
			);
			path = App;
			sourceTree = "<group>";
		};
		DE0C0A446D1BF1F693EF1477 /* Extensions */ = {
			isa = PBXGroup;
			children = (
				5E31522AB9F84512D611742B /* Date+Extensions.swift */,
				030FDEA8C4420E9BF0FEAEF5 /* UIColor+Theme.swift */,
			);
			path = Extensions;
			sourceTree = "<group>";
		};
		E834CBAC157AF7788433396D /* Models */ = {
			isa = PBXGroup;
			children = (
				708EDDAF1E543AB199CBC171 /* Card.swift */,
				0187845AD5E562F731831C6F /* Deck.swift */,
				00843649094DD5834B9E5F31 /* Review.swift */,
				F21B034131639EEAC1653B96 /* StudySession.swift */,
			);
			path = Models;
			sourceTree = "<group>";
		};
		EDEBC3E22206CCACF8298EAE /* AnkiFlow */ = {
			isa = PBXGroup;
			children = (
				DD5CFBCAB245B473703D96FF /* App */,
				70852DB01369D30BE8F5B1B2 /* Core */,
				09C113181479F3BFADD2338C /* Data */,
				8AD840BC8CBFDF20C9011E0E /* Domain */,
				EE796A8118752FF4EBF5291E /* Presentation */,
				FEC55B84D5AE4B8212D3C020 /* Resources */,
			);
			path = AnkiFlow;
			sourceTree = "<group>";
		};
		EE796A8118752FF4EBF5291E /* Presentation */ = {
			isa = PBXGroup;
			children = (
				2D7FBDC6548F621B42FDCD99 /* CardBrowser */,
				BB6C41E33A965B39079899F9 /* CardStudy */,
				6894F54788053B5294B39BA7 /* DeckList */,
				5A4258598651309295C4185F /* Import */,
				132B05CC35CAA0ED30B0D934 /* Settings */,
				C75A32F655FA7E0106D4CE61 /* Statistics */,
			);
			path = Presentation;
			sourceTree = "<group>";
		};
		F583C3570D2061EBC5D5C1CE /* Products */ = {
			isa = PBXGroup;
			children = (
				5B28CB5C8DAB19367364C7CF /* AnkiFlow.app */,
			);
			name = Products;
			sourceTree = "<group>";
		};
		FEC55B84D5AE4B8212D3C020 /* Resources */ = {
			isa = PBXGroup;
			children = (
				E968D9D2035B7865CA503B71 /* Assets.xcassets */,
				B989B0232C785C7E21D3B1EC /* LaunchScreen.storyboard */,
			);
			path = Resources;
			sourceTree = "<group>";
		};
/* End PBXGroup section */

/* Begin PBXNativeTarget section */
		BAEF28DBDD81702205B47706 /* AnkiFlow */ = {
			isa = PBXNativeTarget;
			buildConfigurationList = 4F82ABD78E70B4F34CEA667E /* Build configuration list for PBXNativeTarget "AnkiFlow" */;
			buildPhases = (
				42A4ED2AA4C8E9B9132EBB8A /* Sources */,
				E7D859546EF8ECF533717001 /* Resources */,
				9722D270F1C0B230FA84E206 /* Frameworks */,
			);
			buildRules = (
			);
			dependencies = (
			);
			name = AnkiFlow;
			packageProductDependencies = (
				27E8AF1B35EE7B21B7C01024 /* SnapKit */,
				84B551DD58C4AE05924947C2 /* SQLite */,
				D2DA810D5BBF2758CE6F5FC8 /* ZIPFoundation */,
			);
			productName = AnkiFlow;
			productReference = 5B28CB5C8DAB19367364C7CF /* AnkiFlow.app */;
			productType = "com.apple.product-type.application";
		};
/* End PBXNativeTarget section */

/* Begin PBXProject section */
		F4F1752765BC1A7EF9655920 /* Project object */ = {
			isa = PBXProject;
			attributes = {
				BuildIndependentTargetsInParallel = YES;
				LastUpgradeCheck = 1500;
				TargetAttributes = {
					BAEF28DBDD81702205B47706 = {
						DevelopmentTeam = DJMBTK698A;
						ProvisioningStyle = Automatic;
					};
				};
			};
			buildConfigurationList = 32924C28A0AD8BB7EEB40947 /* Build configuration list for PBXProject "AnkiFlow" */;
			developmentRegion = en;
			hasScannedForEncodings = 0;
			knownRegions = (
				Base,
				en,
			);
			mainGroup = D40902CB568EDEA4BBC9F023;
			minimizedProjectReferenceProxies = 1;
			packageReferences = (
				C6F1E1F0BBABBCF38F1B5B27 /* XCRemoteSwiftPackageReference "SQLite.swift" */,
				1E5F058E1B1069F588421A7F /* XCRemoteSwiftPackageReference "SnapKit" */,
				743B06E8924D6FD84C3EFFF2 /* XCRemoteSwiftPackageReference "ZIPFoundation" */,
			);
			preferredProjectObjectVersion = 77;
			productRefGroup = F583C3570D2061EBC5D5C1CE /* Products */;
			projectDirPath = "";
			projectRoot = "";
			targets = (
				BAEF28DBDD81702205B47706 /* AnkiFlow */,
			);
		};
/* End PBXProject section */

/* Begin PBXResourcesBuildPhase section */
		E7D859546EF8ECF533717001 /* Resources */ = {
			isa = PBXResourcesBuildPhase;
			buildActionMask = 2147483647;
			files = (
				FA7DBD0D6983FD9E7E3B0B3E /* Assets.xcassets in Resources */,
				C479F85EEF74D4BB88406E4F /* LaunchScreen.storyboard in Resources */,
			);
			runOnlyForDeploymentPostprocessing = 0;
		};
/* End PBXResourcesBuildPhase section */

/* Begin PBXSourcesBuildPhase section */
		42A4ED2AA4C8E9B9132EBB8A /* Sources */ = {
			isa = PBXSourcesBuildPhase;
			buildActionMask = 2147483647;
			files = (
				E1D1625E6213292D2CE30989 /* AnkiDBReader.swift in Sources */,
				86D129CB858DADDAC6AB2BA1 /* ApkgParser.swift in Sources */,
				1F110CD46968DF69611F4041 /* AppConstants.swift in Sources */,
				017FC02409553E6626DD33EB /* AppDelegate.swift in Sources */,
				88A8561CBC205AD18C9167D4 /* Card.swift in Sources */,
				40CCDA9E8444158F2779DE75 /* CardBrowserCell.swift in Sources */,
				8EE961F8B5E12A55B5D07A82 /* CardBrowserViewController.swift in Sources */,
				0344560262D8BB73C4B0A184 /* CardBrowserViewModel.swift in Sources */,
				FC4616BF13631CB37C289F76 /* CardRepository.swift in Sources */,
				F50081A3B1EB5446503902B9 /* CardStudyViewController.swift in Sources */,
				72C5548E4E2D566D04E69816 /* CardStudyViewModel.swift in Sources */,
				D4ED3F76C4536C1C7A7430D2 /* CardTable.swift in Sources */,
				F2F81B2D4BD732043115E8D5 /* CreateDeckViewController.swift in Sources */,
				F9B374932AD6642BBFE3B2E8 /* DatabaseManager.swift in Sources */,
				5F8719AB8B3FDEDA8583D420 /* Date+Extensions.swift in Sources */,
				651E1996B6EFA09073E3FE77 /* Deck.swift in Sources */,
				7E8F6E44F5E1711EC62C6985 /* DeckCell.swift in Sources */,
				B12426457E803828B6BC3861 /* DeckListViewController.swift in Sources */,
				9AE78C3AA924538805286162 /* DeckListViewModel.swift in Sources */,
				162E5EB2B97EEDED11C4EF81 /* DeckRepository.swift in Sources */,
				0779349FA00347A581D80EA8 /* DeckTable.swift in Sources */,
				FDAFBE41401641CA376120AE /* FlashcardView.swift in Sources */,
				16DA9DA5264260B40B0762BD /* ImportDeckUseCase.swift in Sources */,
				7114F7DC0793E619FC3DA4F3 /* NewCardViewController.swift in Sources */,
				2E4B2E4404B2F3AE3E52D752 /* Review.swift in Sources */,
				5B474277F34C5A30DFA260E6 /* ReviewTable.swift in Sources */,
				C8BECD1CE1C3C7716B3BE520 /* SceneDelegate.swift in Sources */,
				20EC55648A768F9D4B77F558 /* SettingsViewController.swift in Sources */,
				B77F4255493DA35FAEE8F756 /* SettingsViewModel.swift in Sources */,
				62A3578A3A86C63A239A5697 /* SpacedRepetition.swift in Sources */,
				FD647ED96B358171B0811CF0 /* StatisticsViewController.swift in Sources */,
				029D3B795962FD74895FFF7A /* StatisticsViewModel.swift in Sources */,
				EA20CE903876E9CA365FF322 /* StudyCardUseCase.swift in Sources */,
				7830BBA806767F670D801A81 /* StudySession.swift in Sources */,
				617E36F6443EC0FEEDC72658 /* UIColor+Theme.swift in Sources */,
			);
			runOnlyForDeploymentPostprocessing = 0;
		};
/* End PBXSourcesBuildPhase section */

/* Begin XCBuildConfiguration section */
		2206A0BF2A2E294DB2FF6364 /* Release */ = {
			isa = XCBuildConfiguration;
			buildSettings = {
				ASSETCATALOG_COMPILER_APPICON_NAME = AppIcon;
				ASSETCATALOG_COMPILER_GLOBAL_ACCENT_COLOR_NAME = AccentColor;
				CODE_SIGN_IDENTITY = "iPhone Developer";
				INFOPLIST_FILE = AnkiFlow/App/Info.plist;
				LD_RUNPATH_SEARCH_PATHS = (
					"$(inherited)",
					"@executable_path/Frameworks",
				);
				PRODUCT_BUNDLE_IDENTIFIER = com.ankiflow.app;
				SDKROOT = iphoneos;
				TARGETED_DEVICE_FAMILY = "1,2";
			};
			name = Release;
		};
		281226E84AC9B5D6DADE5247 /* Debug */ = {
			isa = XCBuildConfiguration;
			buildSettings = {
				ASSETCATALOG_COMPILER_APPICON_NAME = AppIcon;
				ASSETCATALOG_COMPILER_GLOBAL_ACCENT_COLOR_NAME = AccentColor;
				CODE_SIGN_IDENTITY = "iPhone Developer";
				INFOPLIST_FILE = AnkiFlow/App/Info.plist;
				LD_RUNPATH_SEARCH_PATHS = (
					"$(inherited)",
					"@executable_path/Frameworks",
				);
				PRODUCT_BUNDLE_IDENTIFIER = com.ankiflow.app;
				SDKROOT = iphoneos;
				TARGETED_DEVICE_FAMILY = "1,2";
			};
			name = Debug;
		};
		59FF965AF29EAE00CB8B8CF4 /* Debug */ = {
			isa = XCBuildConfiguration;
			buildSettings = {
				ALWAYS_SEARCH_USER_PATHS = NO;
				CLANG_ANALYZER_NONNULL = YES;
				CLANG_ANALYZER_NUMBER_OBJECT_CONVERSION = YES_AGGRESSIVE;
				CLANG_CXX_LANGUAGE_STANDARD = "gnu++14";
				CLANG_CXX_LIBRARY = "libc++";
				CLANG_ENABLE_MODULES = YES;
				CLANG_ENABLE_OBJC_ARC = YES;
				CLANG_ENABLE_OBJC_WEAK = YES;
				CLANG_WARN_BLOCK_CAPTURE_AUTORELEASING = YES;
				CLANG_WARN_BOOL_CONVERSION = YES;
				CLANG_WARN_COMMA = YES;
				CLANG_WARN_CONSTANT_CONVERSION = YES;
				CLANG_WARN_DEPRECATED_OBJC_IMPLEMENTATIONS = YES;
				CLANG_WARN_DIRECT_OBJC_ISA_USAGE = YES_ERROR;
				CLANG_WARN_DOCUMENTATION_COMMENTS = YES;
				CLANG_WARN_EMPTY_BODY = YES;
				CLANG_WARN_ENUM_CONVERSION = YES;
				CLANG_WARN_INFINITE_RECURSION = YES;
				CLANG_WARN_INT_CONVERSION = YES;
				CLANG_WARN_NON_LITERAL_NULL_CONVERSION = YES;
				CLANG_WARN_OBJC_IMPLICIT_RETAIN_SELF = YES;
				CLANG_WARN_OBJC_LITERAL_CONVERSION = YES;
				CLANG_WARN_OBJC_ROOT_CLASS = YES_ERROR;
				CLANG_WARN_QUOTED_INCLUDE_IN_FRAMEWORK_HEADER = YES;
				CLANG_WARN_RANGE_LOOP_ANALYSIS = YES;
				CLANG_WARN_STRICT_PROTOTYPES = YES;
				CLANG_WARN_SUSPICIOUS_MOVE = YES;
				CLANG_WARN_UNGUARDED_AVAILABILITY = YES_AGGRESSIVE;
				CLANG_WARN_UNREACHABLE_CODE = YES;
				CLANG_WARN__DUPLICATE_METHOD_MATCH = YES;
				CODE_SIGN_STYLE = Automatic;
				COPY_PHASE_STRIP = NO;
				CURRENT_PROJECT_VERSION = 1;
				DEBUG_INFORMATION_FORMAT = dwarf;
				DEVELOPMENT_TEAM = DJMBTK698A;
				ENABLE_STRICT_OBJC_MSGSEND = YES;
				ENABLE_TESTABILITY = YES;
				GCC_C_LANGUAGE_STANDARD = gnu11;
				GCC_DYNAMIC_NO_PIC = NO;
				GCC_NO_COMMON_BLOCKS = YES;
				GCC_OPTIMIZATION_LEVEL = 0;
				GCC_PREPROCESSOR_DEFINITIONS = (
					"$(inherited)",
					"DEBUG=1",
				);
				GCC_WARN_64_TO_32_BIT_CONVERSION = YES;
				GCC_WARN_ABOUT_RETURN_TYPE = YES_ERROR;
				GCC_WARN_UNDECLARED_SELECTOR = YES;
				GCC_WARN_UNINITIALIZED_AUTOS = YES_AGGRESSIVE;
				GCC_WARN_UNUSED_FUNCTION = YES;
				GCC_WARN_UNUSED_VARIABLE = YES;
				IPHONEOS_DEPLOYMENT_TARGET = 15.0;
				MARKETING_VERSION = 1.0.0;
				MTL_ENABLE_DEBUG_INFO = INCLUDE_SOURCE;
				MTL_FAST_MATH = YES;
				ONLY_ACTIVE_ARCH = YES;
				PRODUCT_NAME = "$(TARGET_NAME)";
				SDKROOT = iphoneos;
				SWIFT_ACTIVE_COMPILATION_CONDITIONS = DEBUG;
				SWIFT_OPTIMIZATION_LEVEL = "-Onone";
				SWIFT_VERSION = 5.9;
			};
			name = Debug;
		};
		CEE5A78CB2BE930B1762204E /* Release */ = {
			isa = XCBuildConfiguration;
			buildSettings = {
				ALWAYS_SEARCH_USER_PATHS = NO;
				CLANG_ANALYZER_NONNULL = YES;
				CLANG_ANALYZER_NUMBER_OBJECT_CONVERSION = YES_AGGRESSIVE;
				CLANG_CXX_LANGUAGE_STANDARD = "gnu++14";
				CLANG_CXX_LIBRARY = "libc++";
				CLANG_ENABLE_MODULES = YES;
				CLANG_ENABLE_OBJC_ARC = YES;
				CLANG_ENABLE_OBJC_WEAK = YES;
				CLANG_WARN_BLOCK_CAPTURE_AUTORELEASING = YES;
				CLANG_WARN_BOOL_CONVERSION = YES;
				CLANG_WARN_COMMA = YES;
				CLANG_WARN_CONSTANT_CONVERSION = YES;
				CLANG_WARN_DEPRECATED_OBJC_IMPLEMENTATIONS = YES;
				CLANG_WARN_DIRECT_OBJC_ISA_USAGE = YES_ERROR;
				CLANG_WARN_DOCUMENTATION_COMMENTS = YES;
				CLANG_WARN_EMPTY_BODY = YES;
				CLANG_WARN_ENUM_CONVERSION = YES;
				CLANG_WARN_INFINITE_RECURSION = YES;
				CLANG_WARN_INT_CONVERSION = YES;
				CLANG_WARN_NON_LITERAL_NULL_CONVERSION = YES;
				CLANG_WARN_OBJC_IMPLICIT_RETAIN_SELF = YES;
				CLANG_WARN_OBJC_LITERAL_CONVERSION = YES;
				CLANG_WARN_OBJC_ROOT_CLASS = YES_ERROR;
				CLANG_WARN_QUOTED_INCLUDE_IN_FRAMEWORK_HEADER = YES;
				CLANG_WARN_RANGE_LOOP_ANALYSIS = YES;
				CLANG_WARN_STRICT_PROTOTYPES = YES;
				CLANG_WARN_SUSPICIOUS_MOVE = YES;
				CLANG_WARN_UNGUARDED_AVAILABILITY = YES_AGGRESSIVE;
				CLANG_WARN_UNREACHABLE_CODE = YES;
				CLANG_WARN__DUPLICATE_METHOD_MATCH = YES;
				CODE_SIGN_STYLE = Automatic;
				COPY_PHASE_STRIP = NO;
				CURRENT_PROJECT_VERSION = 1;
				DEBUG_INFORMATION_FORMAT = "dwarf-with-dsym";
				DEVELOPMENT_TEAM = DJMBTK698A;
				ENABLE_NS_ASSERTIONS = NO;
				ENABLE_STRICT_OBJC_MSGSEND = YES;
				GCC_C_LANGUAGE_STANDARD = gnu11;
				GCC_NO_COMMON_BLOCKS = YES;
				GCC_WARN_64_TO_32_BIT_CONVERSION = YES;
				GCC_WARN_ABOUT_RETURN_TYPE = YES_ERROR;
				GCC_WARN_UNDECLARED_SELECTOR = YES;
				GCC_WARN_UNINITIALIZED_AUTOS = YES_AGGRESSIVE;
				GCC_WARN_UNUSED_FUNCTION = YES;
				GCC_WARN_UNUSED_VARIABLE = YES;
				IPHONEOS_DEPLOYMENT_TARGET = 15.0;
				MARKETING_VERSION = 1.0.0;
				MTL_ENABLE_DEBUG_INFO = NO;
				MTL_FAST_MATH = YES;
				PRODUCT_NAME = "$(TARGET_NAME)";
				SDKROOT = iphoneos;
				SWIFT_COMPILATION_MODE = wholemodule;
				SWIFT_OPTIMIZATION_LEVEL = "-O";
				SWIFT_VERSION = 5.9;
			};
			name = Release;
		};
/* End XCBuildConfiguration section */

/* Begin XCConfigurationList section */
		32924C28A0AD8BB7EEB40947 /* Build configuration list for PBXProject "AnkiFlow" */ = {
			isa = XCConfigurationList;
			buildConfigurations = (
				59FF965AF29EAE00CB8B8CF4 /* Debug */,
				CEE5A78CB2BE930B1762204E /* Release */,
			);
			defaultConfigurationIsVisible = 0;
			defaultConfigurationName = Debug;
		};
		4F82ABD78E70B4F34CEA667E /* Build configuration list for PBXNativeTarget "AnkiFlow" */ = {
			isa = XCConfigurationList;
			buildConfigurations = (
				281226E84AC9B5D6DADE5247 /* Debug */,
				2206A0BF2A2E294DB2FF6364 /* Release */,
			);
			defaultConfigurationIsVisible = 0;
			defaultConfigurationName = Debug;
		};
/* End XCConfigurationList section */

/* Begin XCRemoteSwiftPackageReference section */
		1E5F058E1B1069F588421A7F /* XCRemoteSwiftPackageReference "SnapKit" */ = {
			isa = XCRemoteSwiftPackageReference;
			repositoryURL = "https://github.com/SnapKit/SnapKit.git";
			requirement = {
				kind = exactVersion;
				version = 5.6.0;
			};
		};
		743B06E8924D6FD84C3EFFF2 /* XCRemoteSwiftPackageReference "ZIPFoundation" */ = {
			isa = XCRemoteSwiftPackageReference;
			repositoryURL = "https://github.com/weichsel/ZIPFoundation.git";
			requirement = {
				kind = exactVersion;
				version = 0.9.18;
			};
		};
		C6F1E1F0BBABBCF38F1B5B27 /* XCRemoteSwiftPackageReference "SQLite.swift" */ = {
			isa = XCRemoteSwiftPackageReference;
			repositoryURL = "https://github.com/stephencelis/SQLite.swift.git";
			requirement = {
				kind = exactVersion;
				version = 0.14.1;
			};
		};
/* End XCRemoteSwiftPackageReference section */

/* Begin XCSwiftPackageProductDependency section */
		27E8AF1B35EE7B21B7C01024 /* SnapKit */ = {
			isa = XCSwiftPackageProductDependency;
			package = 1E5F058E1B1069F588421A7F /* XCRemoteSwiftPackageReference "SnapKit" */;
			productName = SnapKit;
		};
		84B551DD58C4AE05924947C2 /* SQLite */ = {
			isa = XCSwiftPackageProductDependency;
			package = C6F1E1F0BBABBCF38F1B5B27 /* XCRemoteSwiftPackageReference "SQLite.swift" */;
			productName = SQLite;
		};
		D2DA810D5BBF2758CE6F5FC8 /* ZIPFoundation */ = {
			isa = XCSwiftPackageProductDependency;
			package = 743B06E8924D6FD84C3EFFF2 /* XCRemoteSwiftPackageReference "ZIPFoundation" */;
			productName = ZIPFoundation;
		};
/* End XCSwiftPackageProductDependency section */
	};
	rootObject = F4F1752765BC1A7EF9655920 /* Project object */;
}
